
Microsoft Visual Studio Solution File, Format Version 12.00
# Visual Studio Version 17
VisualStudioVersion = 17.6.33829.357
MinimumVisualStudioVersion = 10.0.40219.1
Project("{FAE04EC0-301F-11D3-BF4B-00C04F79EFBC}") = "Chart", "Chart\Chart.csproj", "{71561438-3414-4A86-874A-E5680772AB53}"
EndProject
Global
	GlobalSection(SolutionConfigurationPlatforms) = preSolution
		Debug|Any CPU = Debug|Any CPU
		Release|Any CPU = Release|Any CPU
	EndGlobalSection
	GlobalSection(ProjectConfigurationPlatforms) = postSolution
		{71561438-3414-4A86-874A-E5680772AB53}.Debug|Any CPU.ActiveCfg = Debug|Any CPU
		{71561438-3414-4A86-874A-E5680772AB53}.Debug|Any CPU.Build.0 = Debug|Any CPU
		{71561438-3414-4A86-874A-E5680772AB53}.Release|Any CPU.ActiveCfg = Release|Any CPU
		{71561438-3414-4A86-874A-E5680772AB53}.Release|Any CPU.Build.0 = Release|Any CPU
	EndGlobalSection
	GlobalSection(SolutionProperties) = preSolution
		HideSolutionNode = FALSE
	EndGlobalSection
	GlobalSection(ExtensibilityGlobals) = postSolution
		SolutionGuid = {0DBAD771-74B5-4169-8FF4-9A5DD3A02043}
	EndGlobalSection
EndGlobal
