
Microsoft Visual Studio Solution File, Format Version 12.00
# Visual Studio Version 17
VisualStudioVersion = 17.6.33829.357
MinimumVisualStudioVersion = 10.0.40219.1
Project("{FAE04EC0-301F-11D3-BF4B-00C04F79EFBC}") = "MenuStrip", "MenuStrip\MenuStrip.csproj", "{AA66A70F-3F94-44CA-9E9F-59E251D2714F}"
EndProject
Global
	GlobalSection(SolutionConfigurationPlatforms) = preSolution
		Debug|Any CPU = Debug|Any CPU
		Release|Any CPU = Release|Any CPU
	EndGlobalSection
	GlobalSection(ProjectConfigurationPlatforms) = postSolution
		{AA66A70F-3F94-44CA-9E9F-59E251D2714F}.Debug|Any CPU.ActiveCfg = Debug|Any CPU
		{AA66A70F-3F94-44CA-9E9F-59E251D2714F}.Debug|Any CPU.Build.0 = Debug|Any CPU
		{AA66A70F-3F94-44CA-9E9F-59E251D2714F}.Release|Any CPU.ActiveCfg = Release|Any CPU
		{AA66A70F-3F94-44CA-9E9F-59E251D2714F}.Release|Any CPU.Build.0 = Release|Any CPU
	EndGlobalSection
	GlobalSection(SolutionProperties) = preSolution
		HideSolutionNode = FALSE
	EndGlobalSection
	GlobalSection(ExtensibilityGlobals) = postSolution
		SolutionGuid = {72856DCD-9C05-42A7-8B57-C9A9C4A25F51}
	EndGlobalSection
EndGlobal
