
Microsoft Visual Studio Solution File, Format Version 12.00
# Visual Studio Version 17
VisualStudioVersion = 17.6.33829.357
MinimumVisualStudioVersion = 10.0.40219.1
Project("{FAE04EC0-301F-11D3-BF4B-00C04F79EFBC}") = "integers", "integers\integers.csproj", "{29315513-6D94-4B40-8CAF-C694752CD9C2}"
EndProject
Global
	GlobalSection(SolutionConfigurationPlatforms) = preSolution
		Debug|Any CPU = Debug|Any CPU
		Release|Any CPU = Release|Any CPU
	EndGlobalSection
	GlobalSection(ProjectConfigurationPlatforms) = postSolution
		{29315513-6D94-4B40-8CAF-C694752CD9C2}.Debug|Any CPU.ActiveCfg = Debug|Any CPU
		{29315513-6D94-4B40-8CAF-C694752CD9C2}.Debug|Any CPU.Build.0 = Debug|Any CPU
		{29315513-6D94-4B40-8CAF-C694752CD9C2}.Release|Any CPU.ActiveCfg = Release|Any CPU
		{29315513-6D94-4B40-8CAF-C694752CD9C2}.Release|Any CPU.Build.0 = Release|Any CPU
	EndGlobalSection
	GlobalSection(SolutionProperties) = preSolution
		HideSolutionNode = FALSE
	EndGlobalSection
	GlobalSection(ExtensibilityGlobals) = postSolution
		SolutionGuid = {92DEF972-31C2-4ECE-9533-99EC7CCD72DC}
	EndGlobalSection
EndGlobal
