
Microsoft Visual Studio Solution File, Format Version 12.00
# Visual Studio Version 17
VisualStudioVersion = 17.6.33829.357
MinimumVisualStudioVersion = 10.0.40219.1
Project("{FAE04EC0-301F-11D3-BF4B-00C04F79EFBC}") = "Usage_of_Toolsx", "Usage_of_Toolsx\Usage_of_Toolsx.csproj", "{75104F6D-73BC-4341-BF7F-F05A5BD40994}"
EndProject
Global
	GlobalSection(SolutionConfigurationPlatforms) = preSolution
		Debug|Any CPU = Debug|Any CPU
		Release|Any CPU = Release|Any CPU
	EndGlobalSection
	GlobalSection(ProjectConfigurationPlatforms) = postSolution
		{75104F6D-73BC-4341-BF7F-F05A5BD40994}.Debug|Any CPU.ActiveCfg = Debug|Any CPU
		{75104F6D-73BC-4341-BF7F-F05A5BD40994}.Debug|Any CPU.Build.0 = Debug|Any CPU
		{75104F6D-73BC-4341-BF7F-F05A5BD40994}.Release|Any CPU.ActiveCfg = Release|Any CPU
		{75104F6D-73BC-4341-BF7F-F05A5BD40994}.Release|Any CPU.Build.0 = Release|Any CPU
	EndGlobalSection
	GlobalSection(SolutionProperties) = preSolution
		HideSolutionNode = FALSE
	EndGlobalSection
	GlobalSection(ExtensibilityGlobals) = postSolution
		SolutionGuid = {03FCB859-87A0-443E-8C59-7E6369A7CEF1}
	EndGlobalSection
EndGlobal
