
Microsoft Visual Studio Solution File, Format Version 12.00
# Visual Studio Version 17
VisualStudioVersion = 17.6.33829.357
MinimumVisualStudioVersion = 10.0.40219.1
Project("{FAE04EC0-301F-11D3-BF4B-00C04F79EFBC}") = "Timer", "Timer\Timer.csproj", "{10E50351-0D88-4084-BB99-736078717AA0}"
EndProject
Global
	GlobalSection(SolutionConfigurationPlatforms) = preSolution
		Debug|Any CPU = Debug|Any CPU
		Release|Any CPU = Release|Any CPU
	EndGlobalSection
	GlobalSection(ProjectConfigurationPlatforms) = postSolution
		{10E50351-0D88-4084-BB99-736078717AA0}.Debug|Any CPU.ActiveCfg = Debug|Any CPU
		{10E50351-0D88-4084-BB99-736078717AA0}.Debug|Any CPU.Build.0 = Debug|Any CPU
		{10E50351-0D88-4084-BB99-736078717AA0}.Release|Any CPU.ActiveCfg = Release|Any CPU
		{10E50351-0D88-4084-BB99-736078717AA0}.Release|Any CPU.Build.0 = Release|Any CPU
	EndGlobalSection
	GlobalSection(SolutionProperties) = preSolution
		HideSolutionNode = FALSE
	EndGlobalSection
	GlobalSection(ExtensibilityGlobals) = postSolution
		SolutionGuid = {2213B78B-2302-4255-8068-B88C72286250}
	EndGlobalSection
EndGlobal
