
Microsoft Visual Studio Solution File, Format Version 12.00
# Visual Studio Version 17
VisualStudioVersion = 17.6.33829.357
MinimumVisualStudioVersion = 10.0.40219.1
Project("{FAE04EC0-301F-11D3-BF4B-00C04F79EFBC}") = "Cinema_Bufe_Sales", "Cinema_Bufe_Sales\Cinema_Bufe_Sales.csproj", "{062DEEEF-4565-4D57-AF27-D5DD35F7DB3D}"
EndProject
Global
	GlobalSection(SolutionConfigurationPlatforms) = preSolution
		Debug|Any CPU = Debug|Any CPU
		Release|Any CPU = Release|Any CPU
	EndGlobalSection
	GlobalSection(ProjectConfigurationPlatforms) = postSolution
		{062DEEEF-4565-4D57-AF27-D5DD35F7DB3D}.Debug|Any CPU.ActiveCfg = Debug|Any CPU
		{062DEEEF-4565-4D57-AF27-D5DD35F7DB3D}.Debug|Any CPU.Build.0 = Debug|Any CPU
		{062DEEEF-4565-4D57-AF27-D5DD35F7DB3D}.Release|Any CPU.ActiveCfg = Release|Any CPU
		{062DEEEF-4565-4D57-AF27-D5DD35F7DB3D}.Release|Any CPU.Build.0 = Release|Any CPU
	EndGlobalSection
	GlobalSection(SolutionProperties) = preSolution
		HideSolutionNode = FALSE
	EndGlobalSection
	GlobalSection(ExtensibilityGlobals) = postSolution
		SolutionGuid = {78E08785-5236-4516-AD30-85F22DB8A798}
	EndGlobalSection
EndGlobal
