
Microsoft Visual Studio Solution File, Format Version 12.00
# Visual Studio Version 17
VisualStudioVersion = 17.6.33829.357
MinimumVisualStudioVersion = 10.0.40219.1
Project("{FAE04EC0-301F-11D3-BF4B-00C04F79EFBC}") = "While Loops", "While Loops\While Loops.csproj", "{75A1843B-A98F-4777-B888-78AC62F81535}"
EndProject
Global
	GlobalSection(SolutionConfigurationPlatforms) = preSolution
		Debug|Any CPU = Debug|Any CPU
		Release|Any CPU = Release|Any CPU
	EndGlobalSection
	GlobalSection(ProjectConfigurationPlatforms) = postSolution
		{75A1843B-A98F-4777-B888-78AC62F81535}.Debug|Any CPU.ActiveCfg = Debug|Any CPU
		{75A1843B-A98F-4777-B888-78AC62F81535}.Debug|Any CPU.Build.0 = Debug|Any CPU
		{75A1843B-A98F-4777-B888-78AC62F81535}.Release|Any CPU.ActiveCfg = Release|Any CPU
		{75A1843B-A98F-4777-B888-78AC62F81535}.Release|Any CPU.Build.0 = Release|Any CPU
	EndGlobalSection
	GlobalSection(SolutionProperties) = preSolution
		HideSolutionNode = FALSE
	EndGlobalSection
	GlobalSection(ExtensibilityGlobals) = postSolution
		SolutionGuid = {7A03EE9B-DE3C-476F-8C6F-7974B89DBF1C}
	EndGlobalSection
EndGlobal
