
Microsoft Visual Studio Solution File, Format Version 12.00
# Visual Studio Version 17
VisualStudioVersion = 17.6.33829.357
MinimumVisualStudioVersion = 10.0.40219.1
Project("{FAE04EC0-301F-11D3-BF4B-00C04F79EFBC}") = "Do_While", "Do_While\Do_While.csproj", "{2149B867-15FB-4BB2-91A9-D7AD42E4732D}"
EndProject
Global
	GlobalSection(SolutionConfigurationPlatforms) = preSolution
		Debug|Any CPU = Debug|Any CPU
		Release|Any CPU = Release|Any CPU
	EndGlobalSection
	GlobalSection(ProjectConfigurationPlatforms) = postSolution
		{2149B867-15FB-4BB2-91A9-D7AD42E4732D}.Debug|Any CPU.ActiveCfg = Debug|Any CPU
		{2149B867-15FB-4BB2-91A9-D7AD42E4732D}.Debug|Any CPU.Build.0 = Debug|Any CPU
		{2149B867-15FB-4BB2-91A9-D7AD42E4732D}.Release|Any CPU.ActiveCfg = Release|Any CPU
		{2149B867-15FB-4BB2-91A9-D7AD42E4732D}.Release|Any CPU.Build.0 = Release|Any CPU
	EndGlobalSection
	GlobalSection(SolutionProperties) = preSolution
		HideSolutionNode = FALSE
	EndGlobalSection
	GlobalSection(ExtensibilityGlobals) = postSolution
		SolutionGuid = {C64292D8-FFB4-43A9-A7A3-6D6F35108570}
	EndGlobalSection
EndGlobal
